
Microsoft Visual Studio Solution File, Format Version 12.00
# Visual Studio Version 16
VisualStudioVersion = 16.0.30611.23
MinimumVisualStudioVersion = 10.0.40219.1
Project("{8BC9CEB8-8B4A-11D0-8D11-00A0C91BC942}") = "gpulib", "gpulib\gpulib.vcxproj", "{7B32F40F-5AFA-4BBD-A2E4-4036D527333F}"
EndProject
Project("{8BC9CEB8-8B4A-11D0-8D11-00A0C91BC942}") = "util", "util\util.vcxproj", "{48DA5BE9-968D-4C13-A8B2-27389D27DBA6}"
EndProject
Project("{8BC9CEB8-8B4A-11D0-8D11-00A0C91BC942}") = "logger", "logger\logger.vcxproj", "{7A107B87-A413-408E-88F0-1A54ECE8E834}"
EndProject
Project("{8BC9CEB8-8B4A-11D0-8D11-00A0C91BC942}") = "platform", "platform\platform.vcxproj", "{98F4FCDE-87A0-4D08-9BC1-06ECB8F270FC}"
EndProject
Project("{8BC9CEB8-8B4A-11D0-8D11-00A0C91BC942}") = "secp256k1", "secp256k1\secp256k1.vcxproj", "{D8672DFA-05E0-418C-9AAC-B390F08798B9}"
EndProject
Project("{8BC9CEB8-8B4A-11D0-8D11-00A0C91BC942}") = "address", "address\address.vcxproj", "{EDF48C5D-E544-4F91-9A65-ED72FDDB31EB}"
EndProject
Project("{8BC9CEB8-8B4A-11D0-8D11-00A0C91BC942}") = "BTCPubKeyHash", "BTCPubKeyHash\BTCPubKeyHash.vcxproj", "{340D44F0-1CF5-4E5C-A3DC-A83057872E62}"
	ProjectSection(ProjectDependencies) = postProject
		{32CEEB08-362D-4B56-8363-E5DC1A585758} = {32CEEB08-362D-4B56-8363-E5DC1A585758}
		{7B32F40F-5AFA-4BBD-A2E4-4036D527333F} = {7B32F40F-5AFA-4BBD-A2E4-4036D527333F}
		{96787D3E-6DF9-4679-A34B-01F9D8F9504D} = {96787D3E-6DF9-4679-A34B-01F9D8F9504D}
		{98F4FCDE-87A0-4D08-9BC1-06ECB8F270FC} = {98F4FCDE-87A0-4D08-9BC1-06ECB8F270FC}
		{48DA5BE9-968D-4C13-A8B2-27389D27DBA6} = {48DA5BE9-968D-4C13-A8B2-27389D27DBA6}
		{D8672DFA-05E0-418C-9AAC-B390F08798B9} = {D8672DFA-05E0-418C-9AAC-B390F08798B9}
	EndProjectSection
EndProject
Project("{2150E333-8FDC-42A3-9474-1A3956D46DE8}") = "third_party", "third_party", "{1B0CC3F7-65A7-4D98-8F73-AE856F6F21AD}"
EndProject
Project("{8BC9CEB8-8B4A-11D0-8D11-00A0C91BC942}") = "fmt", "third_party\fmt\fmt.vcxproj", "{C83E8709-1592-44A4-9B2A-A4E9B18EA1C1}"
EndProject
Project("{8BC9CEB8-8B4A-11D0-8D11-00A0C91BC942}") = "json11", "third_party\json11\json11.vcxproj", "{96787D3E-6DF9-4679-A34B-01F9D8F9504D}"
EndProject
Project("{8BC9CEB8-8B4A-11D0-8D11-00A0C91BC942}") = "parcrypt", "parcrypt\parcrypt.vcxproj", "{F5955CDB-3292-4E8D-A1E8-B17BA6D6E920}"
EndProject
Project("{8BC9CEB8-8B4A-11D0-8D11-00A0C91BC942}") = "parcrypt_lib", "parcrypt_lib\parcrypt_lib.vcxproj", "{32CEEB08-362D-4B56-8363-E5DC1A585758}"
EndProject
Project("{8BC9CEB8-8B4A-11D0-8D11-00A0C91BC942}") = "unit_tests", "unit_tests\unit_tests.vcxproj", "{77673A22-6EBD-448D-9357-AC6B43D48D95}"
EndProject
Global
	GlobalSection(SolutionConfigurationPlatforms) = preSolution
		Debug|x64 = Debug|x64
		Debug|x86 = Debug|x86
		Release|x64 = Release|x64
		Release|x86 = Release|x86
	EndGlobalSection
	GlobalSection(ProjectConfigurationPlatforms) = postSolution
		{7B32F40F-5AFA-4BBD-A2E4-4036D527333F}.Debug|x64.ActiveCfg = Debug|x64
		{7B32F40F-5AFA-4BBD-A2E4-4036D527333F}.Debug|x64.Build.0 = Debug|x64
		{7B32F40F-5AFA-4BBD-A2E4-4036D527333F}.Debug|x86.ActiveCfg = Debug|Win32
		{7B32F40F-5AFA-4BBD-A2E4-4036D527333F}.Debug|x86.Build.0 = Debug|Win32
		{7B32F40F-5AFA-4BBD-A2E4-4036D527333F}.Release|x64.ActiveCfg = Release|x64
		{7B32F40F-5AFA-4BBD-A2E4-4036D527333F}.Release|x64.Build.0 = Release|x64
		{7B32F40F-5AFA-4BBD-A2E4-4036D527333F}.Release|x86.ActiveCfg = Release|Win32
		{7B32F40F-5AFA-4BBD-A2E4-4036D527333F}.Release|x86.Build.0 = Release|Win32
		{48DA5BE9-968D-4C13-A8B2-27389D27DBA6}.Debug|x64.ActiveCfg = Debug|x64
		{48DA5BE9-968D-4C13-A8B2-27389D27DBA6}.Debug|x64.Build.0 = Debug|x64
		{48DA5BE9-968D-4C13-A8B2-27389D27DBA6}.Debug|x86.ActiveCfg = Debug|Win32
		{48DA5BE9-968D-4C13-A8B2-27389D27DBA6}.Debug|x86.Build.0 = Debug|Win32
		{48DA5BE9-968D-4C13-A8B2-27389D27DBA6}.Release|x64.ActiveCfg = Release|x64
		{48DA5BE9-968D-4C13-A8B2-27389D27DBA6}.Release|x64.Build.0 = Release|x64
		{48DA5BE9-968D-4C13-A8B2-27389D27DBA6}.Release|x86.ActiveCfg = Release|Win32
		{48DA5BE9-968D-4C13-A8B2-27389D27DBA6}.Release|x86.Build.0 = Release|Win32
		{7A107B87-A413-408E-88F0-1A54ECE8E834}.Debug|x64.ActiveCfg = Debug|x64
		{7A107B87-A413-408E-88F0-1A54ECE8E834}.Debug|x64.Build.0 = Debug|x64
		{7A107B87-A413-408E-88F0-1A54ECE8E834}.Debug|x86.ActiveCfg = Debug|Win32
		{7A107B87-A413-408E-88F0-1A54ECE8E834}.Debug|x86.Build.0 = Debug|Win32
		{7A107B87-A413-408E-88F0-1A54ECE8E834}.Release|x64.ActiveCfg = Release|x64
		{7A107B87-A413-408E-88F0-1A54ECE8E834}.Release|x64.Build.0 = Release|x64
		{7A107B87-A413-408E-88F0-1A54ECE8E834}.Release|x86.ActiveCfg = Release|Win32
		{7A107B87-A413-408E-88F0-1A54ECE8E834}.Release|x86.Build.0 = Release|Win32
		{98F4FCDE-87A0-4D08-9BC1-06ECB8F270FC}.Debug|x64.ActiveCfg = Debug|x64
		{98F4FCDE-87A0-4D08-9BC1-06ECB8F270FC}.Debug|x64.Build.0 = Debug|x64
		{98F4FCDE-87A0-4D08-9BC1-06ECB8F270FC}.Debug|x86.ActiveCfg = Debug|Win32
		{98F4FCDE-87A0-4D08-9BC1-06ECB8F270FC}.Debug|x86.Build.0 = Debug|Win32
		{98F4FCDE-87A0-4D08-9BC1-06ECB8F270FC}.Release|x64.ActiveCfg = Release|x64
		{98F4FCDE-87A0-4D08-9BC1-06ECB8F270FC}.Release|x64.Build.0 = Release|x64
		{98F4FCDE-87A0-4D08-9BC1-06ECB8F270FC}.Release|x86.ActiveCfg = Release|Win32
		{98F4FCDE-87A0-4D08-9BC1-06ECB8F270FC}.Release|x86.Build.0 = Release|Win32
		{D8672DFA-05E0-418C-9AAC-B390F08798B9}.Debug|x64.ActiveCfg = Debug|x64
		{D8672DFA-05E0-418C-9AAC-B390F08798B9}.Debug|x64.Build.0 = Debug|x64
		{D8672DFA-05E0-418C-9AAC-B390F08798B9}.Debug|x86.ActiveCfg = Debug|Win32
		{D8672DFA-05E0-418C-9AAC-B390F08798B9}.Debug|x86.Build.0 = Debug|Win32
		{D8672DFA-05E0-418C-9AAC-B390F08798B9}.Release|x64.ActiveCfg = Release|x64
		{D8672DFA-05E0-418C-9AAC-B390F08798B9}.Release|x64.Build.0 = Release|x64
		{D8672DFA-05E0-418C-9AAC-B390F08798B9}.Release|x86.ActiveCfg = Release|Win32
		{D8672DFA-05E0-418C-9AAC-B390F08798B9}.Release|x86.Build.0 = Release|Win32
		{EDF48C5D-E544-4F91-9A65-ED72FDDB31EB}.Debug|x64.ActiveCfg = Debug|x64
		{EDF48C5D-E544-4F91-9A65-ED72FDDB31EB}.Debug|x64.Build.0 = Debug|x64
		{EDF48C5D-E544-4F91-9A65-ED72FDDB31EB}.Debug|x86.ActiveCfg = Debug|Win32
		{EDF48C5D-E544-4F91-9A65-ED72FDDB31EB}.Debug|x86.Build.0 = Debug|Win32
		{EDF48C5D-E544-4F91-9A65-ED72FDDB31EB}.Release|x64.ActiveCfg = Release|x64
		{EDF48C5D-E544-4F91-9A65-ED72FDDB31EB}.Release|x64.Build.0 = Release|x64
		{EDF48C5D-E544-4F91-9A65-ED72FDDB31EB}.Release|x86.ActiveCfg = Release|Win32
		{EDF48C5D-E544-4F91-9A65-ED72FDDB31EB}.Release|x86.Build.0 = Release|Win32
		{340D44F0-1CF5-4E5C-A3DC-A83057872E62}.Debug|x64.ActiveCfg = Debug|x64
		{340D44F0-1CF5-4E5C-A3DC-A83057872E62}.Debug|x64.Build.0 = Debug|x64
		{340D44F0-1CF5-4E5C-A3DC-A83057872E62}.Debug|x86.ActiveCfg = Debug|Win32
		{340D44F0-1CF5-4E5C-A3DC-A83057872E62}.Debug|x86.Build.0 = Debug|Win32
		{340D44F0-1CF5-4E5C-A3DC-A83057872E62}.Release|x64.ActiveCfg = Release|x64
		{340D44F0-1CF5-4E5C-A3DC-A83057872E62}.Release|x64.Build.0 = Release|x64
		{340D44F0-1CF5-4E5C-A3DC-A83057872E62}.Release|x86.ActiveCfg = Release|Win32
		{340D44F0-1CF5-4E5C-A3DC-A83057872E62}.Release|x86.Build.0 = Release|Win32
		{C83E8709-1592-44A4-9B2A-A4E9B18EA1C1}.Debug|x64.ActiveCfg = Debug|x64
		{C83E8709-1592-44A4-9B2A-A4E9B18EA1C1}.Debug|x64.Build.0 = Debug|x64
		{C83E8709-1592-44A4-9B2A-A4E9B18EA1C1}.Debug|x86.ActiveCfg = Debug|Win32
		{C83E8709-1592-44A4-9B2A-A4E9B18EA1C1}.Debug|x86.Build.0 = Debug|Win32
		{C83E8709-1592-44A4-9B2A-A4E9B18EA1C1}.Release|x64.ActiveCfg = Release|x64
		{C83E8709-1592-44A4-9B2A-A4E9B18EA1C1}.Release|x64.Build.0 = Release|x64
		{C83E8709-1592-44A4-9B2A-A4E9B18EA1C1}.Release|x86.ActiveCfg = Release|Win32
		{C83E8709-1592-44A4-9B2A-A4E9B18EA1C1}.Release|x86.Build.0 = Release|Win32
		{96787D3E-6DF9-4679-A34B-01F9D8F9504D}.Debug|x64.ActiveCfg = Debug|x64
		{96787D3E-6DF9-4679-A34B-01F9D8F9504D}.Debug|x64.Build.0 = Debug|x64
		{96787D3E-6DF9-4679-A34B-01F9D8F9504D}.Debug|x86.ActiveCfg = Debug|Win32
		{96787D3E-6DF9-4679-A34B-01F9D8F9504D}.Debug|x86.Build.0 = Debug|Win32
		{96787D3E-6DF9-4679-A34B-01F9D8F9504D}.Release|x64.ActiveCfg = Release|x64
		{96787D3E-6DF9-4679-A34B-01F9D8F9504D}.Release|x64.Build.0 = Release|x64
		{96787D3E-6DF9-4679-A34B-01F9D8F9504D}.Release|x86.ActiveCfg = Release|Win32
		{96787D3E-6DF9-4679-A34B-01F9D8F9504D}.Release|x86.Build.0 = Release|Win32
		{F5955CDB-3292-4E8D-A1E8-B17BA6D6E920}.Debug|x64.ActiveCfg = Debug|x64
		{F5955CDB-3292-4E8D-A1E8-B17BA6D6E920}.Debug|x64.Build.0 = Debug|x64
		{F5955CDB-3292-4E8D-A1E8-B17BA6D6E920}.Debug|x86.ActiveCfg = Debug|Win32
		{F5955CDB-3292-4E8D-A1E8-B17BA6D6E920}.Debug|x86.Build.0 = Debug|Win32
		{F5955CDB-3292-4E8D-A1E8-B17BA6D6E920}.Release|x64.ActiveCfg = Release|x64
		{F5955CDB-3292-4E8D-A1E8-B17BA6D6E920}.Release|x64.Build.0 = Release|x64
		{F5955CDB-3292-4E8D-A1E8-B17BA6D6E920}.Release|x86.ActiveCfg = Release|Win32
		{F5955CDB-3292-4E8D-A1E8-B17BA6D6E920}.Release|x86.Build.0 = Release|Win32
		{32CEEB08-362D-4B56-8363-E5DC1A585758}.Debug|x64.ActiveCfg = Debug|x64
		{32CEEB08-362D-4B56-8363-E5DC1A585758}.Debug|x64.Build.0 = Debug|x64
		{32CEEB08-362D-4B56-8363-E5DC1A585758}.Debug|x86.ActiveCfg = Debug|Win32
		{32CEEB08-362D-4B56-8363-E5DC1A585758}.Debug|x86.Build.0 = Debug|Win32
		{32CEEB08-362D-4B56-8363-E5DC1A585758}.Release|x64.ActiveCfg = Release|x64
		{32CEEB08-362D-4B56-8363-E5DC1A585758}.Release|x64.Build.0 = Release|x64
		{32CEEB08-362D-4B56-8363-E5DC1A585758}.Release|x86.ActiveCfg = Release|Win32
		{32CEEB08-362D-4B56-8363-E5DC1A585758}.Release|x86.Build.0 = Release|Win32
		{77673A22-6EBD-448D-9357-AC6B43D48D95}.Debug|x64.ActiveCfg = Debug|x64
		{77673A22-6EBD-448D-9357-AC6B43D48D95}.Debug|x64.Build.0 = Debug|x64
		{77673A22-6EBD-448D-9357-AC6B43D48D95}.Debug|x86.ActiveCfg = Debug|Win32
		{77673A22-6EBD-448D-9357-AC6B43D48D95}.Debug|x86.Build.0 = Debug|Win32
		{77673A22-6EBD-448D-9357-AC6B43D48D95}.Release|x64.ActiveCfg = Release|x64
		{77673A22-6EBD-448D-9357-AC6B43D48D95}.Release|x64.Build.0 = Release|x64
		{77673A22-6EBD-448D-9357-AC6B43D48D95}.Release|x86.ActiveCfg = Release|Win32
		{77673A22-6EBD-448D-9357-AC6B43D48D95}.Release|x86.Build.0 = Release|Win32
	EndGlobalSection
	GlobalSection(SolutionProperties) = preSolution
		HideSolutionNode = FALSE
	EndGlobalSection
	GlobalSection(NestedProjects) = preSolution
		{C83E8709-1592-44A4-9B2A-A4E9B18EA1C1} = {1B0CC3F7-65A7-4D98-8F73-AE856F6F21AD}
		{96787D3E-6DF9-4679-A34B-01F9D8F9504D} = {1B0CC3F7-65A7-4D98-8F73-AE856F6F21AD}
	EndGlobalSection
	GlobalSection(ExtensibilityGlobals) = postSolution
		SolutionGuid = {011DAF4B-5C9D-4DD9-BD3E-D659A04DC6BB}
	EndGlobalSection
EndGlobal
